
Microsoft Visual Studio Solution File, Format Version 12.00
# Visual Studio Version 16
VisualStudioVersion = 16.0.31105.61
MinimumVisualStudioVersion = 10.0.40219.1
Project("{FAE04EC0-301F-11D3-BF4B-00C04F79EFBC}") = "ShopWithProducts", "ShopWithProducts\ShopWithProducts.csproj", "{B1459A2C-5718-48C0-8B97-9FDB77B5E199}"
EndProject
Global
	GlobalSection(SolutionConfigurationPlatforms) = preSolution
		Debug|Any CPU = Debug|Any CPU
		Release|Any CPU = Release|Any CPU
	EndGlobalSection
	GlobalSection(ProjectConfigurationPlatforms) = postSolution
		{B1459A2C-5718-48C0-8B97-9FDB77B5E199}.Debug|Any CPU.ActiveCfg = Debug|Any CPU
		{B1459A2C-5718-48C0-8B97-9FDB77B5E199}.Debug|Any CPU.Build.0 = Debug|Any CPU
		{B1459A2C-5718-48C0-8B97-9FDB77B5E199}.Release|Any CPU.ActiveCfg = Release|Any CPU
		{B1459A2C-5718-48C0-8B97-9FDB77B5E199}.Release|Any CPU.Build.0 = Release|Any CPU
	EndGlobalSection
	GlobalSection(SolutionProperties) = preSolution
		HideSolutionNode = FALSE
	EndGlobalSection
	GlobalSection(ExtensibilityGlobals) = postSolution
		SolutionGuid = {5FC73314-D785-456E-A548-0C1DF9CD7B17}
	EndGlobalSection
EndGlobal
